
Microsoft Visual Studio Solution File, Format Version 12.00
# Visual Studio Version 16
VisualStudioVersion = 16.0.30717.126
MinimumVisualStudioVersion = 10.0.40219.1
Project("{FAE04EC0-301F-11D3-BF4B-00C04F79EFBC}") = "SHA1", "SHA1\SHA1.csproj", "{587C46A6-F87D-4E2D-8EA8-5FDAEFE354C4}"
EndProject
Project("{FAE04EC0-301F-11D3-BF4B-00C04F79EFBC}") = "MD5", "MD5\MD5.csproj", "{119F3738-B416-415C-BC72-18668440AF5D}"
EndProject
Global
	GlobalSection(SolutionConfigurationPlatforms) = preSolution
		Debug|Any CPU = Debug|Any CPU
		Release|Any CPU = Release|Any CPU
	EndGlobalSection
	GlobalSection(ProjectConfigurationPlatforms) = postSolution
		{587C46A6-F87D-4E2D-8EA8-5FDAEFE354C4}.Debug|Any CPU.ActiveCfg = Debug|Any CPU
		{587C46A6-F87D-4E2D-8EA8-5FDAEFE354C4}.Debug|Any CPU.Build.0 = Debug|Any CPU
		{587C46A6-F87D-4E2D-8EA8-5FDAEFE354C4}.Release|Any CPU.ActiveCfg = Release|Any CPU
		{587C46A6-F87D-4E2D-8EA8-5FDAEFE354C4}.Release|Any CPU.Build.0 = Release|Any CPU
		{119F3738-B416-415C-BC72-18668440AF5D}.Debug|Any CPU.ActiveCfg = Debug|Any CPU
		{119F3738-B416-415C-BC72-18668440AF5D}.Debug|Any CPU.Build.0 = Debug|Any CPU
		{119F3738-B416-415C-BC72-18668440AF5D}.Release|Any CPU.ActiveCfg = Release|Any CPU
		{119F3738-B416-415C-BC72-18668440AF5D}.Release|Any CPU.Build.0 = Release|Any CPU
	EndGlobalSection
	GlobalSection(SolutionProperties) = preSolution
		HideSolutionNode = FALSE
	EndGlobalSection
	GlobalSection(ExtensibilityGlobals) = postSolution
		SolutionGuid = {23B5B81A-DB92-4934-85E8-D3CC3B545776}
	EndGlobalSection
EndGlobal
